
Microsoft Visual Studio Solution File, Format Version 12.00
# Visual Studio Version 17
VisualStudioVersion = 17.14.36915.13 d17.14
MinimumVisualStudioVersion = 10.0.40219.1
Project("{FAE04EC0-301F-11D3-BF4B-00C04F79EFBC}") = "EMS", "EMS\EMS.csproj", "{1F730B6C-3E9B-4513-BA77-0E861126EE88}"
EndProject
Global
	GlobalSection(SolutionConfigurationPlatforms) = preSolution
		Debug|Any CPU = Debug|Any CPU
		Release|Any CPU = Release|Any CPU
	EndGlobalSection
	GlobalSection(ProjectConfigurationPlatforms) = postSolution
		{1F730B6C-3E9B-4513-BA77-0E861126EE88}.Debug|Any CPU.ActiveCfg = Debug|Any CPU
		{1F730B6C-3E9B-4513-BA77-0E861126EE88}.Debug|Any CPU.Build.0 = Debug|Any CPU
		{1F730B6C-3E9B-4513-BA77-0E861126EE88}.Release|Any CPU.ActiveCfg = Release|Any CPU
		{1F730B6C-3E9B-4513-BA77-0E861126EE88}.Release|Any CPU.Build.0 = Release|Any CPU
	EndGlobalSection
	GlobalSection(SolutionProperties) = preSolution
		HideSolutionNode = FALSE
	EndGlobalSection
	GlobalSection(ExtensibilityGlobals) = postSolution
		SolutionGuid = {0ABFACFB-6BA5-4B00-A7AA-4038A2D45159}
	EndGlobalSection
EndGlobal
